
Microsoft Visual Studio Solution File, Format Version 11.00
# Visual Studio 2010
Project("{FAE04EC0-301F-11D3-BF4B-00C04F79EFBC}") = "FirstApplicationDemo", "FirstApplicationDemo\FirstApplicationDemo.csproj", "{953B4D0C-9208-4130-A143-43F70FC724C4}"
EndProject
Global
	GlobalSection(SolutionConfigurationPlatforms) = preSolution
		Debug|Any CPU = Debug|Any CPU
		Release|Any CPU = Release|Any CPU
	EndGlobalSection
	GlobalSection(ProjectConfigurationPlatforms) = postSolution
		{953B4D0C-9208-4130-A143-43F70FC724C4}.Debug|Any CPU.ActiveCfg = Debug|Any CPU
		{953B4D0C-9208-4130-A143-43F70FC724C4}.Debug|Any CPU.Build.0 = Debug|Any CPU
		{953B4D0C-9208-4130-A143-43F70FC724C4}.Release|Any CPU.ActiveCfg = Release|Any CPU
		{953B4D0C-9208-4130-A143-43F70FC724C4}.Release|Any CPU.Build.0 = Release|Any CPU
	EndGlobalSection
	GlobalSection(SolutionProperties) = preSolution
		HideSolutionNode = FALSE
	EndGlobalSection
EndGlobal
